
Microsoft Visual Studio Solution File, Format Version 12.00
# Visual Studio Version 17
VisualStudioVersion = 17.3.32922.545
MinimumVisualStudioVersion = 10.0.40219.1
Project("{FAE04EC0-301F-11D3-BF4B-00C04F79EFBC}") = "cSharpHttpServer", "cSharpHttpServer\cSharpHttpServer.csproj", "{75B8F36D-373A-4F42-BD9E-A248737F96DB}"
EndProject
Global
	GlobalSection(SolutionConfigurationPlatforms) = preSolution
		Debug|Any CPU = Debug|Any CPU
		Release|Any CPU = Release|Any CPU
	EndGlobalSection
	GlobalSection(ProjectConfigurationPlatforms) = postSolution
		{75B8F36D-373A-4F42-BD9E-A248737F96DB}.Debug|Any CPU.ActiveCfg = Debug|Any CPU
		{75B8F36D-373A-4F42-BD9E-A248737F96DB}.Debug|Any CPU.Build.0 = Debug|Any CPU
		{75B8F36D-373A-4F42-BD9E-A248737F96DB}.Release|Any CPU.ActiveCfg = Release|Any CPU
		{75B8F36D-373A-4F42-BD9E-A248737F96DB}.Release|Any CPU.Build.0 = Release|Any CPU
	EndGlobalSection
	GlobalSection(SolutionProperties) = preSolution
		HideSolutionNode = FALSE
	EndGlobalSection
	GlobalSection(ExtensibilityGlobals) = postSolution
		SolutionGuid = {39A31DDC-5677-4EC5-9AE5-ABCC7AF770D4}
	EndGlobalSection
EndGlobal
